// !$*UTF8*$!
{
	archiveVersion = 1;
	classes = {
	};
	objectVersion = 77;
	objects = {

/* Begin PBXBuildFile section */
		078D21E7A54C4FBAD0543746 /* AstrologyService.swift in Sources */ = {isa = PBXBuildFile; fileRef = E2EEAAF9AFC07DC4D209468B /* AstrologyService.swift */; };
		0B6EACA7BAEC2D55F99E9533 /* MoonlightWidget.appex in Embed Foundation Extensions */ = {isa = PBXBuildFile; fileRef = 9613B96A0EE50A2BC11B7F93 /* MoonlightWidget.appex */; settings = {ATTRIBUTES = (RemoveHeadersOnCopy, ); }; };
		12B477B0C64D04340CA1C3EB /* BirthChartView.swift in Sources */ = {isa = PBXBuildFile; fileRef = F3AC379E477DE98DAF8FFFF1 /* BirthChartView.swift */; };
		1D7CD370C1528A8FF8C0F305 /* TarotCard.swift in Sources */ = {isa = PBXBuildFile; fileRef = 4983831EA7FFB894E1923A2D /* TarotCard.swift */; };
		1E11480182B9271E0B48EE35 /* Inter-SemiBold.ttf in Resources */ = {isa = PBXBuildFile; fileRef = 06549FA82552B6D6E3DEE21E /* Inter-SemiBold.ttf */; };
		23345FB932129A66A18C3AAF /* LocationManager.swift in Sources */ = {isa = PBXBuildFile; fileRef = A6008195D2E90A69B2C63950 /* LocationManager.swift */; };
		2B15BC647EA0B8E478CD6AAF /* Localization.swift in Sources */ = {isa = PBXBuildFile; fileRef = 121A290F3D58439CB39C8B24 /* Localization.swift */; };
		3C22B9E45538E7ED37CB9E39 /* EngagementPrompts.swift in Sources */ = {isa = PBXBuildFile; fileRef = 9F80F5299B70DC340A4CBDDF /* EngagementPrompts.swift */; };
		43E4544F730203A4BECC0B56 /* HoraryView.swift in Sources */ = {isa = PBXBuildFile; fileRef = B5203CA177AA14629615143B /* HoraryView.swift */; };
		48C530D14AA11F1B32EE71E4 /* DailyReadingService.swift in Sources */ = {isa = PBXBuildFile; fileRef = 47AB7240DA7441ED6100A830 /* DailyReadingService.swift */; };
		4C7CC64FAB07BC2C6C4C3F7D /* ContentView.swift in Sources */ = {isa = PBXBuildFile; fileRef = 2BDC274D14F4C5F5F5EAAD27 /* ContentView.swift */; };
		53AC9DD551A0998E154521EB /* HoraryChartService.swift in Sources */ = {isa = PBXBuildFile; fileRef = A3DECB9D82A35D19DFF4C96B /* HoraryChartService.swift */; };
		5484D7D7EEC39CE252E48CD7 /* Assets.xcassets in Resources */ = {isa = PBXBuildFile; fileRef = A5E18E5FDBEB132B038DC644 /* Assets.xcassets */; };
		56C8F6B4521C1108D52BB27E /* Theme.swift in Sources */ = {isa = PBXBuildFile; fileRef = E9996A2EC73C842148406878 /* Theme.swift */; };
		579623B1D3FDFB3A7050EA4C /* PrivacyInfo.xcprivacy in Resources */ = {isa = PBXBuildFile; fileRef = 6FEB32CB6A42ABEEC16D9F18 /* PrivacyInfo.xcprivacy */; };
		58F3A3DF9CEE8E17D71137F3 /* PixelUI.swift in Sources */ = {isa = PBXBuildFile; fileRef = 4F71EF318F8BE609DABC579B /* PixelUI.swift */; };
		5C08B6BA2009D67EC9F3A7D4 /* CreditManager.swift in Sources */ = {isa = PBXBuildFile; fileRef = 1F87798DD5D3A852D01EA71C /* CreditManager.swift */; };
		5EA65A7104695750BC095BCD /* ShareCardView.swift in Sources */ = {isa = PBXBuildFile; fileRef = 25AD085A0792CADAE2DAE88C /* ShareCardView.swift */; };
		6B8EB2F9550305884F41A453 /* Fraunces-SemiBold.ttf in Resources */ = {isa = PBXBuildFile; fileRef = 8C4DDE3819D7981D68D5FB9E /* Fraunces-SemiBold.ttf */; };
		6CB849A88C1AAE49BD430700 /* MoonlightWidget.swift in Sources */ = {isa = PBXBuildFile; fileRef = 71AD71888DCA6F276B1E668B /* MoonlightWidget.swift */; };
		77D914B8E2E58B41D83DC348 /* HomeView.swift in Sources */ = {isa = PBXBuildFile; fileRef = 3D65D3A67C777D1FC0524B73 /* HomeView.swift */; };
		8025825C15665681A55657FC /* SettingsView.swift in Sources */ = {isa = PBXBuildFile; fileRef = 2A42137A85229E7DD13F9060 /* SettingsView.swift */; };
		877793026CCB7A0EE06F6722 /* GeocodingService.swift in Sources */ = {isa = PBXBuildFile; fileRef = 300AE9AC13326E62D9B46876 /* GeocodingService.swift */; };
		89CD8FB9C5040B18C9E2E762 /* MoonSceneView.swift in Sources */ = {isa = PBXBuildFile; fileRef = 582A6F4DA976BDF13886CE2F /* MoonSceneView.swift */; };
		8A596E8B77644487FD4817B3 /* ReadingHistoryView.swift in Sources */ = {isa = PBXBuildFile; fileRef = 18A065B67910D41525629EB6 /* ReadingHistoryView.swift */; };
		9CA9D0ACE48CEABDFB215382 /* NotificationManager.swift in Sources */ = {isa = PBXBuildFile; fileRef = C81D892F63B65D7E0438265D /* NotificationManager.swift */; };
		9CF4AB8CE4F7687A847B0F4D /* MoonService.swift in Sources */ = {isa = PBXBuildFile; fileRef = 2B5001853B051008B1080534 /* MoonService.swift */; };
		A48483E2DFAE6F9151117837 /* ClaudeService.swift in Sources */ = {isa = PBXBuildFile; fileRef = EE77E6A44F612FF5AD1DDAD1 /* ClaudeService.swift */; };
		A92886635C37B435D117A6E4 /* SplashView.swift in Sources */ = {isa = PBXBuildFile; fileRef = 98E99E5FA8BC781ABC031ED3 /* SplashView.swift */; };
		AEED2D3708F7A5DD86030C23 /* BugunView.swift in Sources */ = {isa = PBXBuildFile; fileRef = BDB0837743C95039E316A687 /* BugunView.swift */; };
		B36869F4F35B1ED88BBA9DC5 /* ReadingHistory.swift in Sources */ = {isa = PBXBuildFile; fileRef = 1854E321A27B1DCD88555DF2 /* ReadingHistory.swift */; };
		B570D42A8ABF792CEE7E2428 /* WelcomeView.swift in Sources */ = {isa = PBXBuildFile; fileRef = CF22F9D3E5FFAC7E13DB4C08 /* WelcomeView.swift */; };
		C4FC5B141D935DB72FF3CAB8 /* CreditBadge.swift in Sources */ = {isa = PBXBuildFile; fileRef = 4B500BB010C598B1A61627FA /* CreditBadge.swift */; };
		CE4926201673B62C2C319E84 /* NoCreditView.swift in Sources */ = {isa = PBXBuildFile; fileRef = F6438C64DC422B5996CFAB10 /* NoCreditView.swift */; };
		CE904E2BFD4A28E8AE0B786B /* MysticLoadingText.swift in Sources */ = {isa = PBXBuildFile; fileRef = F738BE878E84A285286F33EA /* MysticLoadingText.swift */; };
		CEDA31DCF92581D4C3254B8D /* MoonlightUI.swift in Sources */ = {isa = PBXBuildFile; fileRef = 57498F76EE396E5541C15CDA /* MoonlightUI.swift */; };
		D3B81E528CC0EC73DCEE3825 /* NatalChartService.swift in Sources */ = {isa = PBXBuildFile; fileRef = 9B2A85D8E9AC29F0D82C444A /* NatalChartService.swift */; };
		D5C448D8C1CF23859254CE61 /* Element.swift in Sources */ = {isa = PBXBuildFile; fileRef = 7CDE2E825A08BF3BA6846D11 /* Element.swift */; };
		D93B0F8C5E816FD0F3F6633D /* CardDetailView.swift in Sources */ = {isa = PBXBuildFile; fileRef = BABEC394334C45AD267B4510 /* CardDetailView.swift */; };
		DCA6C472E742133815A7A9EA /* MoonPhase.swift in Sources */ = {isa = PBXBuildFile; fileRef = A177BFEF279100594D6CA762 /* MoonPhase.swift */; };
		E145A373EA800EB5AF2F9E7D /* AstroEvent.swift in Sources */ = {isa = PBXBuildFile; fileRef = 1E1DEF9A28050196370B3771 /* AstroEvent.swift */; };
		E450CCB4D31C21166C571BD4 /* Secrets.swift in Sources */ = {isa = PBXBuildFile; fileRef = 9DDD9AF05C9FED66463F1672 /* Secrets.swift */; };
		E6E2311140F0ED7AF57FFB40 /* Inter-Regular.ttf in Resources */ = {isa = PBXBuildFile; fileRef = A76E8D389FD610B42E51833A /* Inter-Regular.ttf */; };
		EC0E02EEDA9B0190BB514DB8 /* KeychainHelper.swift in Sources */ = {isa = PBXBuildFile; fileRef = B3821B75EA4F9D80CE049289 /* KeychainHelper.swift */; };
		EF824263791A4FF7961B8074 /* TarotView.swift in Sources */ = {isa = PBXBuildFile; fileRef = 2B6764A0D5ABCA78B21A676E /* TarotView.swift */; };
		FC6198F90F81D9D2C661A063 /* UserProfile.swift in Sources */ = {isa = PBXBuildFile; fileRef = 66558B03446532A322AE0CD1 /* UserProfile.swift */; };
		FD4B2DD2267E5B28B903727B /* MoonlightApp.swift in Sources */ = {isa = PBXBuildFile; fileRef = EFDDF1651AB806A4B15D577A /* MoonlightApp.swift */; };
/* End PBXBuildFile section */

/* Begin PBXContainerItemProxy section */
		75C2375C6B5F11F6BD6F3BA3 /* PBXContainerItemProxy */ = {
			isa = PBXContainerItemProxy;
			containerPortal = 6C354F13E10A5D493C1E7372 /* Project object */;
			proxyType = 1;
			remoteGlobalIDString = 9C7C8EE8266A9AD0D0D480B8;
			remoteInfo = MoonlightWidget;
		};
/* End PBXContainerItemProxy section */

/* Begin PBXCopyFilesBuildPhase section */
		A0C414232EED36306576E328 /* Embed Foundation Extensions */ = {
			isa = PBXCopyFilesBuildPhase;
			buildActionMask = 2147483647;
			dstPath = "";
			dstSubfolderSpec = 13;
			files = (
				0B6EACA7BAEC2D55F99E9533 /* MoonlightWidget.appex in Embed Foundation Extensions */,
			);
			name = "Embed Foundation Extensions";
			runOnlyForDeploymentPostprocessing = 0;
		};
/* End PBXCopyFilesBuildPhase section */

/* Begin PBXFileReference section */
		06549FA82552B6D6E3DEE21E /* Inter-SemiBold.ttf */ = {isa = PBXFileReference; lastKnownFileType = file; path = "Inter-SemiBold.ttf"; sourceTree = "<group>"; };
		121A290F3D58439CB39C8B24 /* Localization.swift */ = {isa = PBXFileReference; lastKnownFileType = sourcecode.swift; path = Localization.swift; sourceTree = "<group>"; };
		1854E321A27B1DCD88555DF2 /* ReadingHistory.swift */ = {isa = PBXFileReference; lastKnownFileType = sourcecode.swift; path = ReadingHistory.swift; sourceTree = "<group>"; };
		18A065B67910D41525629EB6 /* ReadingHistoryView.swift */ = {isa = PBXFileReference; lastKnownFileType = sourcecode.swift; path = ReadingHistoryView.swift; sourceTree = "<group>"; };
		19995CEC35295A5B5DB698F5 /* Info.plist */ = {isa = PBXFileReference; lastKnownFileType = text.plist; path = Info.plist; sourceTree = "<group>"; };
		1E1DEF9A28050196370B3771 /* AstroEvent.swift */ = {isa = PBXFileReference; lastKnownFileType = sourcecode.swift; path = AstroEvent.swift; sourceTree = "<group>"; };
		1F87798DD5D3A852D01EA71C /* CreditManager.swift */ = {isa = PBXFileReference; lastKnownFileType = sourcecode.swift; path = CreditManager.swift; sourceTree = "<group>"; };
		25AD085A0792CADAE2DAE88C /* ShareCardView.swift */ = {isa = PBXFileReference; lastKnownFileType = sourcecode.swift; path = ShareCardView.swift; sourceTree = "<group>"; };
		2A42137A85229E7DD13F9060 /* SettingsView.swift */ = {isa = PBXFileReference; lastKnownFileType = sourcecode.swift; path = SettingsView.swift; sourceTree = "<group>"; };
		2B5001853B051008B1080534 /* MoonService.swift */ = {isa = PBXFileReference; lastKnownFileType = sourcecode.swift; path = MoonService.swift; sourceTree = "<group>"; };
		2B6764A0D5ABCA78B21A676E /* TarotView.swift */ = {isa = PBXFileReference; lastKnownFileType = sourcecode.swift; path = TarotView.swift; sourceTree = "<group>"; };
		2BDC274D14F4C5F5F5EAAD27 /* ContentView.swift */ = {isa = PBXFileReference; lastKnownFileType = sourcecode.swift; path = ContentView.swift; sourceTree = "<group>"; };
		300AE9AC13326E62D9B46876 /* GeocodingService.swift */ = {isa = PBXFileReference; lastKnownFileType = sourcecode.swift; path = GeocodingService.swift; sourceTree = "<group>"; };
		3D65D3A67C777D1FC0524B73 /* HomeView.swift */ = {isa = PBXFileReference; lastKnownFileType = sourcecode.swift; path = HomeView.swift; sourceTree = "<group>"; };
		47AB7240DA7441ED6100A830 /* DailyReadingService.swift */ = {isa = PBXFileReference; lastKnownFileType = sourcecode.swift; path = DailyReadingService.swift; sourceTree = "<group>"; };
		4983831EA7FFB894E1923A2D /* TarotCard.swift */ = {isa = PBXFileReference; lastKnownFileType = sourcecode.swift; path = TarotCard.swift; sourceTree = "<group>"; };
		4B500BB010C598B1A61627FA /* CreditBadge.swift */ = {isa = PBXFileReference; lastKnownFileType = sourcecode.swift; path = CreditBadge.swift; sourceTree = "<group>"; };
		4F71EF318F8BE609DABC579B /* PixelUI.swift */ = {isa = PBXFileReference; lastKnownFileType = sourcecode.swift; path = PixelUI.swift; sourceTree = "<group>"; };
		57498F76EE396E5541C15CDA /* MoonlightUI.swift */ = {isa = PBXFileReference; lastKnownFileType = sourcecode.swift; path = MoonlightUI.swift; sourceTree = "<group>"; };
		582A6F4DA976BDF13886CE2F /* MoonSceneView.swift */ = {isa = PBXFileReference; lastKnownFileType = sourcecode.swift; path = MoonSceneView.swift; sourceTree = "<group>"; };
		66558B03446532A322AE0CD1 /* UserProfile.swift */ = {isa = PBXFileReference; lastKnownFileType = sourcecode.swift; path = UserProfile.swift; sourceTree = "<group>"; };
		6FEB32CB6A42ABEEC16D9F18 /* PrivacyInfo.xcprivacy */ = {isa = PBXFileReference; path = PrivacyInfo.xcprivacy; sourceTree = "<group>"; };
		71AD71888DCA6F276B1E668B /* MoonlightWidget.swift */ = {isa = PBXFileReference; lastKnownFileType = sourcecode.swift; path = MoonlightWidget.swift; sourceTree = "<group>"; };
		7CDE2E825A08BF3BA6846D11 /* Element.swift */ = {isa = PBXFileReference; lastKnownFileType = sourcecode.swift; path = Element.swift; sourceTree = "<group>"; };
		8C4DDE3819D7981D68D5FB9E /* Fraunces-SemiBold.ttf */ = {isa = PBXFileReference; lastKnownFileType = file; path = "Fraunces-SemiBold.ttf"; sourceTree = "<group>"; };
		8D90625C33662036D69BC265 /* Info.plist */ = {isa = PBXFileReference; lastKnownFileType = text.plist; path = Info.plist; sourceTree = "<group>"; };
		9613B96A0EE50A2BC11B7F93 /* MoonlightWidget.appex */ = {isa = PBXFileReference; includeInIndex = 0; lastKnownFileType = "wrapper.app-extension"; path = MoonlightWidget.appex; sourceTree = BUILT_PRODUCTS_DIR; };
		98E99E5FA8BC781ABC031ED3 /* SplashView.swift */ = {isa = PBXFileReference; lastKnownFileType = sourcecode.swift; path = SplashView.swift; sourceTree = "<group>"; };
		9B2A85D8E9AC29F0D82C444A /* NatalChartService.swift */ = {isa = PBXFileReference; lastKnownFileType = sourcecode.swift; path = NatalChartService.swift; sourceTree = "<group>"; };
		9DDD9AF05C9FED66463F1672 /* Secrets.swift */ = {isa = PBXFileReference; lastKnownFileType = sourcecode.swift; path = Secrets.swift; sourceTree = "<group>"; };
		9F80F5299B70DC340A4CBDDF /* EngagementPrompts.swift */ = {isa = PBXFileReference; lastKnownFileType = sourcecode.swift; path = EngagementPrompts.swift; sourceTree = "<group>"; };
		A177BFEF279100594D6CA762 /* MoonPhase.swift */ = {isa = PBXFileReference; lastKnownFileType = sourcecode.swift; path = MoonPhase.swift; sourceTree = "<group>"; };
		A3DECB9D82A35D19DFF4C96B /* HoraryChartService.swift */ = {isa = PBXFileReference; lastKnownFileType = sourcecode.swift; path = HoraryChartService.swift; sourceTree = "<group>"; };
		A5E18E5FDBEB132B038DC644 /* Assets.xcassets */ = {isa = PBXFileReference; lastKnownFileType = folder.assetcatalog; path = Assets.xcassets; sourceTree = "<group>"; };
		A6008195D2E90A69B2C63950 /* LocationManager.swift */ = {isa = PBXFileReference; lastKnownFileType = sourcecode.swift; path = LocationManager.swift; sourceTree = "<group>"; };
		A76E8D389FD610B42E51833A /* Inter-Regular.ttf */ = {isa = PBXFileReference; lastKnownFileType = file; path = "Inter-Regular.ttf"; sourceTree = "<group>"; };
		B3821B75EA4F9D80CE049289 /* KeychainHelper.swift */ = {isa = PBXFileReference; lastKnownFileType = sourcecode.swift; path = KeychainHelper.swift; sourceTree = "<group>"; };
		B5203CA177AA14629615143B /* HoraryView.swift */ = {isa = PBXFileReference; lastKnownFileType = sourcecode.swift; path = HoraryView.swift; sourceTree = "<group>"; };
		BABEC394334C45AD267B4510 /* CardDetailView.swift */ = {isa = PBXFileReference; lastKnownFileType = sourcecode.swift; path = CardDetailView.swift; sourceTree = "<group>"; };
		BDB0837743C95039E316A687 /* BugunView.swift */ = {isa = PBXFileReference; lastKnownFileType = sourcecode.swift; path = BugunView.swift; sourceTree = "<group>"; };
		C81D892F63B65D7E0438265D /* NotificationManager.swift */ = {isa = PBXFileReference; lastKnownFileType = sourcecode.swift; path = NotificationManager.swift; sourceTree = "<group>"; };
		CF22F9D3E5FFAC7E13DB4C08 /* WelcomeView.swift */ = {isa = PBXFileReference; lastKnownFileType = sourcecode.swift; path = WelcomeView.swift; sourceTree = "<group>"; };
		E2EEAAF9AFC07DC4D209468B /* AstrologyService.swift */ = {isa = PBXFileReference; lastKnownFileType = sourcecode.swift; path = AstrologyService.swift; sourceTree = "<group>"; };
		E9996A2EC73C842148406878 /* Theme.swift */ = {isa = PBXFileReference; lastKnownFileType = sourcecode.swift; path = Theme.swift; sourceTree = "<group>"; };
		EE77E6A44F612FF5AD1DDAD1 /* ClaudeService.swift */ = {isa = PBXFileReference; lastKnownFileType = sourcecode.swift; path = ClaudeService.swift; sourceTree = "<group>"; };
		EFA55BE42FBF2AF83406468B /* Moonlight.app */ = {isa = PBXFileReference; includeInIndex = 0; lastKnownFileType = wrapper.application; path = Moonlight.app; sourceTree = BUILT_PRODUCTS_DIR; };
		EFDDF1651AB806A4B15D577A /* MoonlightApp.swift */ = {isa = PBXFileReference; lastKnownFileType = sourcecode.swift; path = MoonlightApp.swift; sourceTree = "<group>"; };
		F3AC379E477DE98DAF8FFFF1 /* BirthChartView.swift */ = {isa = PBXFileReference; lastKnownFileType = sourcecode.swift; path = BirthChartView.swift; sourceTree = "<group>"; };
		F6438C64DC422B5996CFAB10 /* NoCreditView.swift */ = {isa = PBXFileReference; lastKnownFileType = sourcecode.swift; path = NoCreditView.swift; sourceTree = "<group>"; };
		F738BE878E84A285286F33EA /* MysticLoadingText.swift */ = {isa = PBXFileReference; lastKnownFileType = sourcecode.swift; path = MysticLoadingText.swift; sourceTree = "<group>"; };
/* End PBXFileReference section */

/* Begin PBXGroup section */
		043597F0272E407B96FF04F9 /* Moonlight */ = {
			isa = PBXGroup;
			children = (
				A5E18E5FDBEB132B038DC644 /* Assets.xcassets */,
				2BDC274D14F4C5F5F5EAAD27 /* ContentView.swift */,
				19995CEC35295A5B5DB698F5 /* Info.plist */,
				EFDDF1651AB806A4B15D577A /* MoonlightApp.swift */,
				6FEB32CB6A42ABEEC16D9F18 /* PrivacyInfo.xcprivacy */,
				E9996A2EC73C842148406878 /* Theme.swift */,
				7989B6912C2049F9727D35B9 /* Fonts */,
				B2B1D38287E417C20315C6A8 /* Models */,
				927C5F3477864EB02C8A5B43 /* Services */,
				19C41530FA4299C6BB62B4A1 /* Views */,
			);
			path = Moonlight;
			sourceTree = "<group>";
		};
		19C41530FA4299C6BB62B4A1 /* Views */ = {
			isa = PBXGroup;
			children = (
				F3AC379E477DE98DAF8FFFF1 /* BirthChartView.swift */,
				BDB0837743C95039E316A687 /* BugunView.swift */,
				3D65D3A67C777D1FC0524B73 /* HomeView.swift */,
				B5203CA177AA14629615143B /* HoraryView.swift */,
				F6438C64DC422B5996CFAB10 /* NoCreditView.swift */,
				18A065B67910D41525629EB6 /* ReadingHistoryView.swift */,
				2A42137A85229E7DD13F9060 /* SettingsView.swift */,
				98E99E5FA8BC781ABC031ED3 /* SplashView.swift */,
				2B6764A0D5ABCA78B21A676E /* TarotView.swift */,
				CF22F9D3E5FFAC7E13DB4C08 /* WelcomeView.swift */,
				EA952D15568B504D1432B35F /* Components */,
			);
			path = Views;
			sourceTree = "<group>";
		};
		24BAEFCC3C77D25B10A84E7A /* MoonlightWidget */ = {
			isa = PBXGroup;
			children = (
				8D90625C33662036D69BC265 /* Info.plist */,
				71AD71888DCA6F276B1E668B /* MoonlightWidget.swift */,
			);
			path = MoonlightWidget;
			sourceTree = "<group>";
		};
		7989B6912C2049F9727D35B9 /* Fonts */ = {
			isa = PBXGroup;
			children = (
				8C4DDE3819D7981D68D5FB9E /* Fraunces-SemiBold.ttf */,
				A76E8D389FD610B42E51833A /* Inter-Regular.ttf */,
				06549FA82552B6D6E3DEE21E /* Inter-SemiBold.ttf */,
			);
			path = Fonts;
			sourceTree = "<group>";
		};
		7ED7D4A73297A981E1C10746 /* Products */ = {
			isa = PBXGroup;
			children = (
				EFA55BE42FBF2AF83406468B /* Moonlight.app */,
				9613B96A0EE50A2BC11B7F93 /* MoonlightWidget.appex */,
			);
			name = Products;
			sourceTree = "<group>";
		};
		927C5F3477864EB02C8A5B43 /* Services */ = {
			isa = PBXGroup;
			children = (
				E2EEAAF9AFC07DC4D209468B /* AstrologyService.swift */,
				EE77E6A44F612FF5AD1DDAD1 /* ClaudeService.swift */,
				1F87798DD5D3A852D01EA71C /* CreditManager.swift */,
				47AB7240DA7441ED6100A830 /* DailyReadingService.swift */,
				9F80F5299B70DC340A4CBDDF /* EngagementPrompts.swift */,
				300AE9AC13326E62D9B46876 /* GeocodingService.swift */,
				A3DECB9D82A35D19DFF4C96B /* HoraryChartService.swift */,
				B3821B75EA4F9D80CE049289 /* KeychainHelper.swift */,
				121A290F3D58439CB39C8B24 /* Localization.swift */,
				A6008195D2E90A69B2C63950 /* LocationManager.swift */,
				2B5001853B051008B1080534 /* MoonService.swift */,
				9B2A85D8E9AC29F0D82C444A /* NatalChartService.swift */,
				C81D892F63B65D7E0438265D /* NotificationManager.swift */,
				9DDD9AF05C9FED66463F1672 /* Secrets.swift */,
			);
			path = Services;
			sourceTree = "<group>";
		};
		B2B1D38287E417C20315C6A8 /* Models */ = {
			isa = PBXGroup;
			children = (
				1E1DEF9A28050196370B3771 /* AstroEvent.swift */,
				7CDE2E825A08BF3BA6846D11 /* Element.swift */,
				A177BFEF279100594D6CA762 /* MoonPhase.swift */,
				1854E321A27B1DCD88555DF2 /* ReadingHistory.swift */,
				4983831EA7FFB894E1923A2D /* TarotCard.swift */,
				66558B03446532A322AE0CD1 /* UserProfile.swift */,
			);
			path = Models;
			sourceTree = "<group>";
		};
		EA952D15568B504D1432B35F /* Components */ = {
			isa = PBXGroup;
			children = (
				BABEC394334C45AD267B4510 /* CardDetailView.swift */,
				4B500BB010C598B1A61627FA /* CreditBadge.swift */,
				57498F76EE396E5541C15CDA /* MoonlightUI.swift */,
				582A6F4DA976BDF13886CE2F /* MoonSceneView.swift */,
				F738BE878E84A285286F33EA /* MysticLoadingText.swift */,
				4F71EF318F8BE609DABC579B /* PixelUI.swift */,
				25AD085A0792CADAE2DAE88C /* ShareCardView.swift */,
			);
			path = Components;
			sourceTree = "<group>";
		};
		F5E38A946C1BF66EC4AE9F9D = {
			isa = PBXGroup;
			children = (
				043597F0272E407B96FF04F9 /* Moonlight */,
				24BAEFCC3C77D25B10A84E7A /* MoonlightWidget */,
				7ED7D4A73297A981E1C10746 /* Products */,
			);
			sourceTree = "<group>";
		};
/* End PBXGroup section */

/* Begin PBXNativeTarget section */
		32E0C782E89DEB4606415314 /* Moonlight */ = {
			isa = PBXNativeTarget;
			buildConfigurationList = CE57F7FAED9333979E1BC1C7 /* Build configuration list for PBXNativeTarget "Moonlight" */;
			buildPhases = (
				C9591E77DCBD8DF21510A041 /* Sources */,
				F579A6091F1CD0FA6AC9A1AD /* Resources */,
				A0C414232EED36306576E328 /* Embed Foundation Extensions */,
			);
			buildRules = (
			);
			dependencies = (
				8892A194290FC527CD306E0B /* PBXTargetDependency */,
			);
			name = Moonlight;
			packageProductDependencies = (
			);
			productName = Moonlight;
			productReference = EFA55BE42FBF2AF83406468B /* Moonlight.app */;
			productType = "com.apple.product-type.application";
		};
		9C7C8EE8266A9AD0D0D480B8 /* MoonlightWidget */ = {
			isa = PBXNativeTarget;
			buildConfigurationList = AC11FEDA70DC26F8C0654C41 /* Build configuration list for PBXNativeTarget "MoonlightWidget" */;
			buildPhases = (
				7F11BC412151C89C0CBE98DB /* Sources */,
			);
			buildRules = (
			);
			dependencies = (
			);
			name = MoonlightWidget;
			packageProductDependencies = (
			);
			productName = MoonlightWidget;
			productReference = 9613B96A0EE50A2BC11B7F93 /* MoonlightWidget.appex */;
			productType = "com.apple.product-type.app-extension";
		};
/* End PBXNativeTarget section */

/* Begin PBXProject section */
		6C354F13E10A5D493C1E7372 /* Project object */ = {
			isa = PBXProject;
			attributes = {
				BuildIndependentTargetsInParallel = YES;
				LastUpgradeCheck = 1600;
				TargetAttributes = {
					32E0C782E89DEB4606415314 = {
						DevelopmentTeam = "";
					};
					9C7C8EE8266A9AD0D0D480B8 = {
						DevelopmentTeam = "";
					};
				};
			};
			buildConfigurationList = 32414954D1DFD94977C19662 /* Build configuration list for PBXProject "Moonlight" */;
			developmentRegion = en;
			hasScannedForEncodings = 0;
			knownRegions = (
				Base,
				en,
			);
			mainGroup = F5E38A946C1BF66EC4AE9F9D;
			minimizedProjectReferenceProxies = 1;
			preferredProjectObjectVersion = 77;
			productRefGroup = 7ED7D4A73297A981E1C10746 /* Products */;
			projectDirPath = "";
			projectRoot = "";
			targets = (
				32E0C782E89DEB4606415314 /* Moonlight */,
				9C7C8EE8266A9AD0D0D480B8 /* MoonlightWidget */,
			);
		};
/* End PBXProject section */

/* Begin PBXResourcesBuildPhase section */
		F579A6091F1CD0FA6AC9A1AD /* Resources */ = {
			isa = PBXResourcesBuildPhase;
			buildActionMask = 2147483647;
			files = (
				5484D7D7EEC39CE252E48CD7 /* Assets.xcassets in Resources */,
				6B8EB2F9550305884F41A453 /* Fraunces-SemiBold.ttf in Resources */,
				E6E2311140F0ED7AF57FFB40 /* Inter-Regular.ttf in Resources */,
				1E11480182B9271E0B48EE35 /* Inter-SemiBold.ttf in Resources */,
				579623B1D3FDFB3A7050EA4C /* PrivacyInfo.xcprivacy in Resources */,
			);
			runOnlyForDeploymentPostprocessing = 0;
		};
/* End PBXResourcesBuildPhase section */

/* Begin PBXSourcesBuildPhase section */
		7F11BC412151C89C0CBE98DB /* Sources */ = {
			isa = PBXSourcesBuildPhase;
			buildActionMask = 2147483647;
			files = (
				6CB849A88C1AAE49BD430700 /* MoonlightWidget.swift in Sources */,
			);
			runOnlyForDeploymentPostprocessing = 0;
		};
		C9591E77DCBD8DF21510A041 /* Sources */ = {
			isa = PBXSourcesBuildPhase;
			buildActionMask = 2147483647;
			files = (
				E145A373EA800EB5AF2F9E7D /* AstroEvent.swift in Sources */,
				078D21E7A54C4FBAD0543746 /* AstrologyService.swift in Sources */,
				12B477B0C64D04340CA1C3EB /* BirthChartView.swift in Sources */,
				AEED2D3708F7A5DD86030C23 /* BugunView.swift in Sources */,
				D93B0F8C5E816FD0F3F6633D /* CardDetailView.swift in Sources */,
				A48483E2DFAE6F9151117837 /* ClaudeService.swift in Sources */,
				4C7CC64FAB07BC2C6C4C3F7D /* ContentView.swift in Sources */,
				C4FC5B141D935DB72FF3CAB8 /* CreditBadge.swift in Sources */,
				5C08B6BA2009D67EC9F3A7D4 /* CreditManager.swift in Sources */,
				48C530D14AA11F1B32EE71E4 /* DailyReadingService.swift in Sources */,
				D5C448D8C1CF23859254CE61 /* Element.swift in Sources */,
				3C22B9E45538E7ED37CB9E39 /* EngagementPrompts.swift in Sources */,
				877793026CCB7A0EE06F6722 /* GeocodingService.swift in Sources */,
				77D914B8E2E58B41D83DC348 /* HomeView.swift in Sources */,
				53AC9DD551A0998E154521EB /* HoraryChartService.swift in Sources */,
				43E4544F730203A4BECC0B56 /* HoraryView.swift in Sources */,
				EC0E02EEDA9B0190BB514DB8 /* KeychainHelper.swift in Sources */,
				2B15BC647EA0B8E478CD6AAF /* Localization.swift in Sources */,
				23345FB932129A66A18C3AAF /* LocationManager.swift in Sources */,
				DCA6C472E742133815A7A9EA /* MoonPhase.swift in Sources */,
				89CD8FB9C5040B18C9E2E762 /* MoonSceneView.swift in Sources */,
				9CF4AB8CE4F7687A847B0F4D /* MoonService.swift in Sources */,
				FD4B2DD2267E5B28B903727B /* MoonlightApp.swift in Sources */,
				CEDA31DCF92581D4C3254B8D /* MoonlightUI.swift in Sources */,
				CE904E2BFD4A28E8AE0B786B /* MysticLoadingText.swift in Sources */,
				D3B81E528CC0EC73DCEE3825 /* NatalChartService.swift in Sources */,
				CE4926201673B62C2C319E84 /* NoCreditView.swift in Sources */,
				9CA9D0ACE48CEABDFB215382 /* NotificationManager.swift in Sources */,
				58F3A3DF9CEE8E17D71137F3 /* PixelUI.swift in Sources */,
				B36869F4F35B1ED88BBA9DC5 /* ReadingHistory.swift in Sources */,
				8A596E8B77644487FD4817B3 /* ReadingHistoryView.swift in Sources */,
				E450CCB4D31C21166C571BD4 /* Secrets.swift in Sources */,
				8025825C15665681A55657FC /* SettingsView.swift in Sources */,
				5EA65A7104695750BC095BCD /* ShareCardView.swift in Sources */,
				A92886635C37B435D117A6E4 /* SplashView.swift in Sources */,
				1D7CD370C1528A8FF8C0F305 /* TarotCard.swift in Sources */,
				EF824263791A4FF7961B8074 /* TarotView.swift in Sources */,
				56C8F6B4521C1108D52BB27E /* Theme.swift in Sources */,
				FC6198F90F81D9D2C661A063 /* UserProfile.swift in Sources */,
				B570D42A8ABF792CEE7E2428 /* WelcomeView.swift in Sources */,
			);
			runOnlyForDeploymentPostprocessing = 0;
		};
/* End PBXSourcesBuildPhase section */

/* Begin PBXTargetDependency section */
		8892A194290FC527CD306E0B /* PBXTargetDependency */ = {
			isa = PBXTargetDependency;
			target = 9C7C8EE8266A9AD0D0D480B8 /* MoonlightWidget */;
			targetProxy = 75C2375C6B5F11F6BD6F3BA3 /* PBXContainerItemProxy */;
		};
/* End PBXTargetDependency section */

/* Begin XCBuildConfiguration section */
		14CEECD87CF3B6852561AF49 /* Debug */ = {
			isa = XCBuildConfiguration;
			buildSettings = {
				ASSETCATALOG_COMPILER_APPICON_NAME = AppIcon;
				CODE_SIGN_IDENTITY = "iPhone Developer";
				CURRENT_PROJECT_VERSION = 1;
				DEVELOPMENT_TEAM = "";
				GENERATE_INFOPLIST_FILE = YES;
				INFOPLIST_FILE = Moonlight/Info.plist;
				INFOPLIST_KEY_NSLocationWhenInUseUsageDescription = "Moonlight needs your location to show accurate moon phase and astrology data for where you are.";
				INFOPLIST_KEY_UILaunchScreen_Generation = YES;
				INFOPLIST_KEY_UISupportedInterfaceOrientations = UIInterfaceOrientationPortrait;
				LD_RUNPATH_SEARCH_PATHS = (
					"$(inherited)",
					"@executable_path/Frameworks",
				);
				MARKETING_VERSION = 1.0.0;
				PRODUCT_BUNDLE_IDENTIFIER = com.damla.moonlight;
				SDKROOT = iphoneos;
				SWIFT_VERSION = 5.9;
				TARGETED_DEVICE_FAMILY = "1,2";
			};
			name = Debug;
		};
		18BCAC905E92A56889797D7B /* Release */ = {
			isa = XCBuildConfiguration;
			buildSettings = {
				ASSETCATALOG_COMPILER_APPICON_NAME = AppIcon;
				CODE_SIGN_IDENTITY = "iPhone Developer";
				CURRENT_PROJECT_VERSION = 1;
				DEVELOPMENT_TEAM = "";
				GENERATE_INFOPLIST_FILE = YES;
				INFOPLIST_FILE = Moonlight/Info.plist;
				INFOPLIST_KEY_NSLocationWhenInUseUsageDescription = "Moonlight needs your location to show accurate moon phase and astrology data for where you are.";
				INFOPLIST_KEY_UILaunchScreen_Generation = YES;
				INFOPLIST_KEY_UISupportedInterfaceOrientations = UIInterfaceOrientationPortrait;
				LD_RUNPATH_SEARCH_PATHS = (
					"$(inherited)",
					"@executable_path/Frameworks",
				);
				MARKETING_VERSION = 1.0.0;
				PRODUCT_BUNDLE_IDENTIFIER = com.damla.moonlight;
				SDKROOT = iphoneos;
				SWIFT_VERSION = 5.9;
				TARGETED_DEVICE_FAMILY = "1,2";
			};
			name = Release;
		};
		222CB454C35D354D6F57B139 /* Debug */ = {
			isa = XCBuildConfiguration;
			buildSettings = {
				CURRENT_PROJECT_VERSION = 1;
				DEVELOPMENT_TEAM = "";
				GENERATE_INFOPLIST_FILE = YES;
				INFOPLIST_FILE = MoonlightWidget/Info.plist;
				LD_RUNPATH_SEARCH_PATHS = (
					"$(inherited)",
					"@executable_path/Frameworks",
					"@executable_path/../../Frameworks",
				);
				MARKETING_VERSION = 1.0.0;
				PRODUCT_BUNDLE_IDENTIFIER = com.damla.moonlight.MoonlightWidget;
				SDKROOT = iphoneos;
				SKIP_INSTALL = YES;
				SWIFT_VERSION = 5.9;
				TARGETED_DEVICE_FAMILY = "1,2";
			};
			name = Debug;
		};
		6C25C59050785C6E4EA7020E /* Debug */ = {
			isa = XCBuildConfiguration;
			buildSettings = {
				ALWAYS_SEARCH_USER_PATHS = NO;
				CLANG_ANALYZER_NONNULL = YES;
				CLANG_ANALYZER_NUMBER_OBJECT_CONVERSION = YES_AGGRESSIVE;
				CLANG_CXX_LANGUAGE_STANDARD = "gnu++14";
				CLANG_CXX_LIBRARY = "libc++";
				CLANG_ENABLE_MODULES = YES;
				CLANG_ENABLE_OBJC_ARC = YES;
				CLANG_ENABLE_OBJC_WEAK = YES;
				CLANG_WARN_BLOCK_CAPTURE_AUTORELEASING = YES;
				CLANG_WARN_BOOL_CONVERSION = YES;
				CLANG_WARN_COMMA = YES;
				CLANG_WARN_CONSTANT_CONVERSION = YES;
				CLANG_WARN_DEPRECATED_OBJC_IMPLEMENTATIONS = YES;
				CLANG_WARN_DIRECT_OBJC_ISA_USAGE = YES_ERROR;
				CLANG_WARN_DOCUMENTATION_COMMENTS = YES;
				CLANG_WARN_EMPTY_BODY = YES;
				CLANG_WARN_ENUM_CONVERSION = YES;
				CLANG_WARN_INFINITE_RECURSION = YES;
				CLANG_WARN_INT_CONVERSION = YES;
				CLANG_WARN_NON_LITERAL_NULL_CONVERSION = YES;
				CLANG_WARN_OBJC_IMPLICIT_RETAIN_SELF = YES;
				CLANG_WARN_OBJC_LITERAL_CONVERSION = YES;
				CLANG_WARN_OBJC_ROOT_CLASS = YES_ERROR;
				CLANG_WARN_QUOTED_INCLUDE_IN_FRAMEWORK_HEADER = YES;
				CLANG_WARN_RANGE_LOOP_ANALYSIS = YES;
				CLANG_WARN_STRICT_PROTOTYPES = YES;
				CLANG_WARN_SUSPICIOUS_MOVE = YES;
				CLANG_WARN_UNGUARDED_AVAILABILITY = YES_AGGRESSIVE;
				CLANG_WARN_UNREACHABLE_CODE = YES;
				CLANG_WARN__DUPLICATE_METHOD_MATCH = YES;
				COPY_PHASE_STRIP = NO;
				DEBUG_INFORMATION_FORMAT = dwarf;
				ENABLE_STRICT_OBJC_MSGSEND = YES;
				ENABLE_TESTABILITY = YES;
				GCC_C_LANGUAGE_STANDARD = gnu11;
				GCC_DYNAMIC_NO_PIC = NO;
				GCC_NO_COMMON_BLOCKS = YES;
				GCC_OPTIMIZATION_LEVEL = 0;
				GCC_PREPROCESSOR_DEFINITIONS = (
					"$(inherited)",
					"DEBUG=1",
				);
				GCC_WARN_64_TO_32_BIT_CONVERSION = YES;
				GCC_WARN_ABOUT_RETURN_TYPE = YES_ERROR;
				GCC_WARN_UNDECLARED_SELECTOR = YES;
				GCC_WARN_UNINITIALIZED_AUTOS = YES_AGGRESSIVE;
				GCC_WARN_UNUSED_FUNCTION = YES;
				GCC_WARN_UNUSED_VARIABLE = YES;
				IPHONEOS_DEPLOYMENT_TARGET = 17.0;
				MTL_ENABLE_DEBUG_INFO = INCLUDE_SOURCE;
				MTL_FAST_MATH = YES;
				ONLY_ACTIVE_ARCH = YES;
				PRODUCT_NAME = "$(TARGET_NAME)";
				SDKROOT = iphoneos;
				SWIFT_ACTIVE_COMPILATION_CONDITIONS = DEBUG;
				SWIFT_OPTIMIZATION_LEVEL = "-Onone";
				SWIFT_VERSION = 5.0;
			};
			name = Debug;
		};
		8350F32BEC3E8F3CA0007B6E /* Release */ = {
			isa = XCBuildConfiguration;
			buildSettings = {
				CURRENT_PROJECT_VERSION = 1;
				DEVELOPMENT_TEAM = "";
				GENERATE_INFOPLIST_FILE = YES;
				INFOPLIST_FILE = MoonlightWidget/Info.plist;
				LD_RUNPATH_SEARCH_PATHS = (
					"$(inherited)",
					"@executable_path/Frameworks",
					"@executable_path/../../Frameworks",
				);
				MARKETING_VERSION = 1.0.0;
				PRODUCT_BUNDLE_IDENTIFIER = com.damla.moonlight.MoonlightWidget;
				SDKROOT = iphoneos;
				SKIP_INSTALL = YES;
				SWIFT_VERSION = 5.9;
				TARGETED_DEVICE_FAMILY = "1,2";
			};
			name = Release;
		};
		A33F5CB6A6BDD6AB4CA7CFB8 /* Release */ = {
			isa = XCBuildConfiguration;
			buildSettings = {
				ALWAYS_SEARCH_USER_PATHS = NO;
				CLANG_ANALYZER_NONNULL = YES;
				CLANG_ANALYZER_NUMBER_OBJECT_CONVERSION = YES_AGGRESSIVE;
				CLANG_CXX_LANGUAGE_STANDARD = "gnu++14";
				CLANG_CXX_LIBRARY = "libc++";
				CLANG_ENABLE_MODULES = YES;
				CLANG_ENABLE_OBJC_ARC = YES;
				CLANG_ENABLE_OBJC_WEAK = YES;
				CLANG_WARN_BLOCK_CAPTURE_AUTORELEASING = YES;
				CLANG_WARN_BOOL_CONVERSION = YES;
				CLANG_WARN_COMMA = YES;
				CLANG_WARN_CONSTANT_CONVERSION = YES;
				CLANG_WARN_DEPRECATED_OBJC_IMPLEMENTATIONS = YES;
				CLANG_WARN_DIRECT_OBJC_ISA_USAGE = YES_ERROR;
				CLANG_WARN_DOCUMENTATION_COMMENTS = YES;
				CLANG_WARN_EMPTY_BODY = YES;
				CLANG_WARN_ENUM_CONVERSION = YES;
				CLANG_WARN_INFINITE_RECURSION = YES;
				CLANG_WARN_INT_CONVERSION = YES;
				CLANG_WARN_NON_LITERAL_NULL_CONVERSION = YES;
				CLANG_WARN_OBJC_IMPLICIT_RETAIN_SELF = YES;
				CLANG_WARN_OBJC_LITERAL_CONVERSION = YES;
				CLANG_WARN_OBJC_ROOT_CLASS = YES_ERROR;
				CLANG_WARN_QUOTED_INCLUDE_IN_FRAMEWORK_HEADER = YES;
				CLANG_WARN_RANGE_LOOP_ANALYSIS = YES;
				CLANG_WARN_STRICT_PROTOTYPES = YES;
				CLANG_WARN_SUSPICIOUS_MOVE = YES;
				CLANG_WARN_UNGUARDED_AVAILABILITY = YES_AGGRESSIVE;
				CLANG_WARN_UNREACHABLE_CODE = YES;
				CLANG_WARN__DUPLICATE_METHOD_MATCH = YES;
				COPY_PHASE_STRIP = NO;
				DEBUG_INFORMATION_FORMAT = "dwarf-with-dsym";
				ENABLE_NS_ASSERTIONS = NO;
				ENABLE_STRICT_OBJC_MSGSEND = YES;
				GCC_C_LANGUAGE_STANDARD = gnu11;
				GCC_NO_COMMON_BLOCKS = YES;
				GCC_WARN_64_TO_32_BIT_CONVERSION = YES;
				GCC_WARN_ABOUT_RETURN_TYPE = YES_ERROR;
				GCC_WARN_UNDECLARED_SELECTOR = YES;
				GCC_WARN_UNINITIALIZED_AUTOS = YES_AGGRESSIVE;
				GCC_WARN_UNUSED_FUNCTION = YES;
				GCC_WARN_UNUSED_VARIABLE = YES;
				IPHONEOS_DEPLOYMENT_TARGET = 17.0;
				MTL_ENABLE_DEBUG_INFO = NO;
				MTL_FAST_MATH = YES;
				PRODUCT_NAME = "$(TARGET_NAME)";
				SDKROOT = iphoneos;
				SWIFT_COMPILATION_MODE = wholemodule;
				SWIFT_OPTIMIZATION_LEVEL = "-O";
				SWIFT_VERSION = 5.0;
			};
			name = Release;
		};
/* End XCBuildConfiguration section */

/* Begin XCConfigurationList section */
		32414954D1DFD94977C19662 /* Build configuration list for PBXProject "Moonlight" */ = {
			isa = XCConfigurationList;
			buildConfigurations = (
				6C25C59050785C6E4EA7020E /* Debug */,
				A33F5CB6A6BDD6AB4CA7CFB8 /* Release */,
			);
			defaultConfigurationIsVisible = 0;
			defaultConfigurationName = Debug;
		};
		AC11FEDA70DC26F8C0654C41 /* Build configuration list for PBXNativeTarget "MoonlightWidget" */ = {
			isa = XCConfigurationList;
			buildConfigurations = (
				222CB454C35D354D6F57B139 /* Debug */,
				8350F32BEC3E8F3CA0007B6E /* Release */,
			);
			defaultConfigurationIsVisible = 0;
			defaultConfigurationName = Debug;
		};
		CE57F7FAED9333979E1BC1C7 /* Build configuration list for PBXNativeTarget "Moonlight" */ = {
			isa = XCConfigurationList;
			buildConfigurations = (
				14CEECD87CF3B6852561AF49 /* Debug */,
				18BCAC905E92A56889797D7B /* Release */,
			);
			defaultConfigurationIsVisible = 0;
			defaultConfigurationName = Debug;
		};
/* End XCConfigurationList section */
	};
	rootObject = 6C354F13E10A5D493C1E7372 /* Project object */;
}
