// !$*UTF8*$!
{
	archiveVersion = 1;
	classes = {
	};
	objectVersion = 77;
	objects = {

/* Begin PBXBuildFile section */
		078D21E7A54C4FBAD0543746 /* AstrologyService.swift in Sources */ = {isa = PBXBuildFile; fileRef = E2EEAAF9AFC07DC4D209468B /* AstrologyService.swift */; };
		1D7CD370C1528A8FF8C0F305 /* TarotCard.swift in Sources */ = {isa = PBXBuildFile; fileRef = 4983831EA7FFB894E1923A2D /* TarotCard.swift */; };
		1E0805DF8DEF824EB8518ED1 /* PixelifySans[wght].ttf in Resources */ = {isa = PBXBuildFile; fileRef = 8C3E9B22DA4E47403B59CC05 /* PixelifySans[wght].ttf */; };
		23345FB932129A66A18C3AAF /* LocationManager.swift in Sources */ = {isa = PBXBuildFile; fileRef = A6008195D2E90A69B2C63950 /* LocationManager.swift */; };
		43E4544F730203A4BECC0B56 /* HoraryView.swift in Sources */ = {isa = PBXBuildFile; fileRef = B5203CA177AA14629615143B /* HoraryView.swift */; };
		4C7CC64FAB07BC2C6C4C3F7D /* ContentView.swift in Sources */ = {isa = PBXBuildFile; fileRef = 2BDC274D14F4C5F5F5EAAD27 /* ContentView.swift */; };
		53AC9DD551A0998E154521EB /* HoraryChartService.swift in Sources */ = {isa = PBXBuildFile; fileRef = A3DECB9D82A35D19DFF4C96B /* HoraryChartService.swift */; };
		5484D7D7EEC39CE252E48CD7 /* Assets.xcassets in Resources */ = {isa = PBXBuildFile; fileRef = A5E18E5FDBEB132B038DC644 /* Assets.xcassets */; };
		58F3A3DF9CEE8E17D71137F3 /* PixelUI.swift in Sources */ = {isa = PBXBuildFile; fileRef = 4F71EF318F8BE609DABC579B /* PixelUI.swift */; };
		5C08B6BA2009D67EC9F3A7D4 /* CreditManager.swift in Sources */ = {isa = PBXBuildFile; fileRef = 1F87798DD5D3A852D01EA71C /* CreditManager.swift */; };
		77D914B8E2E58B41D83DC348 /* HomeView.swift in Sources */ = {isa = PBXBuildFile; fileRef = 3D65D3A67C777D1FC0524B73 /* HomeView.swift */; };
		8025825C15665681A55657FC /* SettingsView.swift in Sources */ = {isa = PBXBuildFile; fileRef = 2A42137A85229E7DD13F9060 /* SettingsView.swift */; };
		831A9AD200157256E5EBF4F1 /* Silkscreen-Bold.ttf in Resources */ = {isa = PBXBuildFile; fileRef = 441AC15450134FEA9561C0C8 /* Silkscreen-Bold.ttf */; };
		89CD8FB9C5040B18C9E2E762 /* MoonSceneView.swift in Sources */ = {isa = PBXBuildFile; fileRef = 582A6F4DA976BDF13886CE2F /* MoonSceneView.swift */; };
		9CF4AB8CE4F7687A847B0F4D /* MoonService.swift in Sources */ = {isa = PBXBuildFile; fileRef = 2B5001853B051008B1080534 /* MoonService.swift */; };
		A48483E2DFAE6F9151117837 /* ClaudeService.swift in Sources */ = {isa = PBXBuildFile; fileRef = EE77E6A44F612FF5AD1DDAD1 /* ClaudeService.swift */; };
		AB12CD34EF56789012345678 /* WelcomeView.swift in Sources */ = {isa = PBXBuildFile; fileRef = CD34EF56AB12789012345679 /* WelcomeView.swift */; };
		DE45FA67BC23890123456780 /* ReadingHistory.swift in Sources */ = {isa = PBXBuildFile; fileRef = EF56AB78CD34901234567891 /* ReadingHistory.swift */; };
		FA67BC89DE45012345678902 /* ReadingHistoryView.swift in Sources */ = {isa = PBXBuildFile; fileRef = AB89CD01EF23456789012345 /* ReadingHistoryView.swift */; };
		BC5EACC33421E9B33442F477 /* Silkscreen-Regular.ttf in Resources */ = {isa = PBXBuildFile; fileRef = D15C885BD683C2077A1A0D79 /* Silkscreen-Regular.ttf */; };
		C4FC5B141D935DB72FF3CAB8 /* CreditBadge.swift in Sources */ = {isa = PBXBuildFile; fileRef = 4B500BB010C598B1A61627FA /* CreditBadge.swift */; };
		C919808FAEF89D87299B1CCF /* PressStart2P-Regular.ttf in Resources */ = {isa = PBXBuildFile; fileRef = FBE58AC97F4697E0A53B962A /* PressStart2P-Regular.ttf */; };
		CE4926201673B62C2C319E84 /* NoCreditView.swift in Sources */ = {isa = PBXBuildFile; fileRef = F6438C64DC422B5996CFAB10 /* NoCreditView.swift */; };
		D5C448D8C1CF23859254CE61 /* Element.swift in Sources */ = {isa = PBXBuildFile; fileRef = 7CDE2E825A08BF3BA6846D11 /* Element.swift */; };
		DCA6C472E742133815A7A9EA /* MoonPhase.swift in Sources */ = {isa = PBXBuildFile; fileRef = A177BFEF279100594D6CA762 /* MoonPhase.swift */; };
		E145A373EA800EB5AF2F9E7D /* AstroEvent.swift in Sources */ = {isa = PBXBuildFile; fileRef = 1E1DEF9A28050196370B3771 /* AstroEvent.swift */; };
		E450CCB4D31C21166C571BD4 /* Secrets.swift in Sources */ = {isa = PBXBuildFile; fileRef = 9DDD9AF05C9FED66463F1672 /* Secrets.swift */; };
		EF824263791A4FF7961B8074 /* TarotView.swift in Sources */ = {isa = PBXBuildFile; fileRef = 2B6764A0D5ABCA78B21A676E /* TarotView.swift */; };
		FC6198F90F81D9D2C661A063 /* UserProfile.swift in Sources */ = {isa = PBXBuildFile; fileRef = 66558B03446532A322AE0CD1 /* UserProfile.swift */; };
		FD4B2DD2267E5B28B903727B /* MoonlightApp.swift in Sources */ = {isa = PBXBuildFile; fileRef = EFDDF1651AB806A4B15D577A /* MoonlightApp.swift */; };
/* End PBXBuildFile section */

/* Begin PBXFileReference section */
		19995CEC35295A5B5DB698F5 /* Info.plist */ = {isa = PBXFileReference; lastKnownFileType = text.plist; path = Info.plist; sourceTree = "<group>"; };
		1E1DEF9A28050196370B3771 /* AstroEvent.swift */ = {isa = PBXFileReference; lastKnownFileType = sourcecode.swift; path = AstroEvent.swift; sourceTree = "<group>"; };
		1F87798DD5D3A852D01EA71C /* CreditManager.swift */ = {isa = PBXFileReference; lastKnownFileType = sourcecode.swift; path = CreditManager.swift; sourceTree = "<group>"; };
		2A42137A85229E7DD13F9060 /* SettingsView.swift */ = {isa = PBXFileReference; lastKnownFileType = sourcecode.swift; path = SettingsView.swift; sourceTree = "<group>"; };
		2B5001853B051008B1080534 /* MoonService.swift */ = {isa = PBXFileReference; lastKnownFileType = sourcecode.swift; path = MoonService.swift; sourceTree = "<group>"; };
		2B6764A0D5ABCA78B21A676E /* TarotView.swift */ = {isa = PBXFileReference; lastKnownFileType = sourcecode.swift; path = TarotView.swift; sourceTree = "<group>"; };
		2BDC274D14F4C5F5F5EAAD27 /* ContentView.swift */ = {isa = PBXFileReference; lastKnownFileType = sourcecode.swift; path = ContentView.swift; sourceTree = "<group>"; };
		3D65D3A67C777D1FC0524B73 /* HomeView.swift */ = {isa = PBXFileReference; lastKnownFileType = sourcecode.swift; path = HomeView.swift; sourceTree = "<group>"; };
		441AC15450134FEA9561C0C8 /* Silkscreen-Bold.ttf */ = {isa = PBXFileReference; lastKnownFileType = file; path = "Silkscreen-Bold.ttf"; sourceTree = "<group>"; };
		4983831EA7FFB894E1923A2D /* TarotCard.swift */ = {isa = PBXFileReference; lastKnownFileType = sourcecode.swift; path = TarotCard.swift; sourceTree = "<group>"; };
		4B500BB010C598B1A61627FA /* CreditBadge.swift */ = {isa = PBXFileReference; lastKnownFileType = sourcecode.swift; path = CreditBadge.swift; sourceTree = "<group>"; };
		4F71EF318F8BE609DABC579B /* PixelUI.swift */ = {isa = PBXFileReference; lastKnownFileType = sourcecode.swift; path = PixelUI.swift; sourceTree = "<group>"; };
		582A6F4DA976BDF13886CE2F /* MoonSceneView.swift */ = {isa = PBXFileReference; lastKnownFileType = sourcecode.swift; path = MoonSceneView.swift; sourceTree = "<group>"; };
		66558B03446532A322AE0CD1 /* UserProfile.swift */ = {isa = PBXFileReference; lastKnownFileType = sourcecode.swift; path = UserProfile.swift; sourceTree = "<group>"; };
		7CDE2E825A08BF3BA6846D11 /* Element.swift */ = {isa = PBXFileReference; lastKnownFileType = sourcecode.swift; path = Element.swift; sourceTree = "<group>"; };
		8C3E9B22DA4E47403B59CC05 /* PixelifySans[wght].ttf */ = {isa = PBXFileReference; lastKnownFileType = file; path = "PixelifySans[wght].ttf"; sourceTree = "<group>"; };
		9DDD9AF05C9FED66463F1672 /* Secrets.swift */ = {isa = PBXFileReference; lastKnownFileType = sourcecode.swift; path = Secrets.swift; sourceTree = "<group>"; };
		A177BFEF279100594D6CA762 /* MoonPhase.swift */ = {isa = PBXFileReference; lastKnownFileType = sourcecode.swift; path = MoonPhase.swift; sourceTree = "<group>"; };
		A3DECB9D82A35D19DFF4C96B /* HoraryChartService.swift */ = {isa = PBXFileReference; lastKnownFileType = sourcecode.swift; path = HoraryChartService.swift; sourceTree = "<group>"; };
		A5E18E5FDBEB132B038DC644 /* Assets.xcassets */ = {isa = PBXFileReference; lastKnownFileType = folder.assetcatalog; path = Assets.xcassets; sourceTree = "<group>"; };
		A6008195D2E90A69B2C63950 /* LocationManager.swift */ = {isa = PBXFileReference; lastKnownFileType = sourcecode.swift; path = LocationManager.swift; sourceTree = "<group>"; };
		B5203CA177AA14629615143B /* HoraryView.swift */ = {isa = PBXFileReference; lastKnownFileType = sourcecode.swift; path = HoraryView.swift; sourceTree = "<group>"; };
		CD34EF56AB12789012345679 /* WelcomeView.swift */ = {isa = PBXFileReference; lastKnownFileType = sourcecode.swift; path = WelcomeView.swift; sourceTree = "<group>"; };
		EF56AB78CD34901234567891 /* ReadingHistory.swift */ = {isa = PBXFileReference; lastKnownFileType = sourcecode.swift; path = ReadingHistory.swift; sourceTree = "<group>"; };
		AB89CD01EF23456789012345 /* ReadingHistoryView.swift */ = {isa = PBXFileReference; lastKnownFileType = sourcecode.swift; path = ReadingHistoryView.swift; sourceTree = "<group>"; };
		D15C885BD683C2077A1A0D79 /* Silkscreen-Regular.ttf */ = {isa = PBXFileReference; lastKnownFileType = file; path = "Silkscreen-Regular.ttf"; sourceTree = "<group>"; };
		E2EEAAF9AFC07DC4D209468B /* AstrologyService.swift */ = {isa = PBXFileReference; lastKnownFileType = sourcecode.swift; path = AstrologyService.swift; sourceTree = "<group>"; };
		EE77E6A44F612FF5AD1DDAD1 /* ClaudeService.swift */ = {isa = PBXFileReference; lastKnownFileType = sourcecode.swift; path = ClaudeService.swift; sourceTree = "<group>"; };
		EFA55BE42FBF2AF83406468B /* Moonlight.app */ = {isa = PBXFileReference; explicitFileType = wrapper.application; includeInIndex = 0; path = Moonlight.app; sourceTree = BUILT_PRODUCTS_DIR; };
		EFDDF1651AB806A4B15D577A /* MoonlightApp.swift */ = {isa = PBXFileReference; lastKnownFileType = sourcecode.swift; path = MoonlightApp.swift; sourceTree = "<group>"; };
		F6438C64DC422B5996CFAB10 /* NoCreditView.swift */ = {isa = PBXFileReference; lastKnownFileType = sourcecode.swift; path = NoCreditView.swift; sourceTree = "<group>"; };
		FBE58AC97F4697E0A53B962A /* PressStart2P-Regular.ttf */ = {isa = PBXFileReference; lastKnownFileType = file; path = "PressStart2P-Regular.ttf"; sourceTree = "<group>"; };
/* End PBXFileReference section */

/* Begin PBXGroup section */
		043597F0272E407B96FF04F9 /* Moonlight */ = {
			isa = PBXGroup;
			children = (
				A5E18E5FDBEB132B038DC644 /* Assets.xcassets */,
				2BDC274D14F4C5F5F5EAAD27 /* ContentView.swift */,
				19995CEC35295A5B5DB698F5 /* Info.plist */,
				EFDDF1651AB806A4B15D577A /* MoonlightApp.swift */,
				7989B6912C2049F9727D35B9 /* Fonts */,
				B2B1D38287E417C20315C6A8 /* Models */,
				927C5F3477864EB02C8A5B43 /* Services */,
				19C41530FA4299C6BB62B4A1 /* Views */,
			);
			path = Moonlight;
			sourceTree = "<group>";
		};
		19C41530FA4299C6BB62B4A1 /* Views */ = {
			isa = PBXGroup;
			children = (
				3D65D3A67C777D1FC0524B73 /* HomeView.swift */,
				B5203CA177AA14629615143B /* HoraryView.swift */,
				F6438C64DC422B5996CFAB10 /* NoCreditView.swift */,
				2A42137A85229E7DD13F9060 /* SettingsView.swift */,
				2B6764A0D5ABCA78B21A676E /* TarotView.swift */,
				AB89CD01EF23456789012345 /* ReadingHistoryView.swift */,
				CD34EF56AB12789012345679 /* WelcomeView.swift */,
				EA952D15568B504D1432B35F /* Components */,
			);
			path = Views;
			sourceTree = "<group>";
		};
		7989B6912C2049F9727D35B9 /* Fonts */ = {
			isa = PBXGroup;
			children = (
				8C3E9B22DA4E47403B59CC05 /* PixelifySans[wght].ttf */,
				FBE58AC97F4697E0A53B962A /* PressStart2P-Regular.ttf */,
				441AC15450134FEA9561C0C8 /* Silkscreen-Bold.ttf */,
				D15C885BD683C2077A1A0D79 /* Silkscreen-Regular.ttf */,
			);
			path = Fonts;
			sourceTree = "<group>";
		};
		7ED7D4A73297A981E1C10746 /* Products */ = {
			isa = PBXGroup;
			children = (
				EFA55BE42FBF2AF83406468B /* Moonlight.app */,
			);
			name = Products;
			sourceTree = "<group>";
		};
		927C5F3477864EB02C8A5B43 /* Services */ = {
			isa = PBXGroup;
			children = (
				E2EEAAF9AFC07DC4D209468B /* AstrologyService.swift */,
				EE77E6A44F612FF5AD1DDAD1 /* ClaudeService.swift */,
				1F87798DD5D3A852D01EA71C /* CreditManager.swift */,
				A3DECB9D82A35D19DFF4C96B /* HoraryChartService.swift */,
				A6008195D2E90A69B2C63950 /* LocationManager.swift */,
				2B5001853B051008B1080534 /* MoonService.swift */,
				9DDD9AF05C9FED66463F1672 /* Secrets.swift */,
			);
			path = Services;
			sourceTree = "<group>";
		};
		B2B1D38287E417C20315C6A8 /* Models */ = {
			isa = PBXGroup;
			children = (
				1E1DEF9A28050196370B3771 /* AstroEvent.swift */,
				7CDE2E825A08BF3BA6846D11 /* Element.swift */,
				A177BFEF279100594D6CA762 /* MoonPhase.swift */,
				EF56AB78CD34901234567891 /* ReadingHistory.swift */,
				4983831EA7FFB894E1923A2D /* TarotCard.swift */,
				66558B03446532A322AE0CD1 /* UserProfile.swift */,
			);
			path = Models;
			sourceTree = "<group>";
		};
		EA952D15568B504D1432B35F /* Components */ = {
			isa = PBXGroup;
			children = (
				4B500BB010C598B1A61627FA /* CreditBadge.swift */,
				582A6F4DA976BDF13886CE2F /* MoonSceneView.swift */,
				4F71EF318F8BE609DABC579B /* PixelUI.swift */,
			);
			path = Components;
			sourceTree = "<group>";
		};
		F5E38A946C1BF66EC4AE9F9D = {
			isa = PBXGroup;
			children = (
				043597F0272E407B96FF04F9 /* Moonlight */,
				7ED7D4A73297A981E1C10746 /* Products */,
			);
			sourceTree = "<group>";
		};
/* End PBXGroup section */

/* Begin PBXNativeTarget section */
		32E0C782E89DEB4606415314 /* Moonlight */ = {
			isa = PBXNativeTarget;
			buildConfigurationList = CE57F7FAED9333979E1BC1C7 /* Build configuration list for PBXNativeTarget "Moonlight" */;
			buildPhases = (
				C9591E77DCBD8DF21510A041 /* Sources */,
				F579A6091F1CD0FA6AC9A1AD /* Resources */,
			);
			buildRules = (
			);
			dependencies = (
			);
			name = Moonlight;
			packageProductDependencies = (
			);
			productName = Moonlight;
			productReference = EFA55BE42FBF2AF83406468B /* Moonlight.app */;
			productType = "com.apple.product-type.application";
		};
/* End PBXNativeTarget section */

/* Begin PBXProject section */
		6C354F13E10A5D493C1E7372 /* Project object */ = {
			isa = PBXProject;
			attributes = {
				BuildIndependentTargetsInParallel = YES;
				LastUpgradeCheck = 1600;
			};
			buildConfigurationList = 32414954D1DFD94977C19662 /* Build configuration list for PBXProject "Moonlight" */;
			developmentRegion = en;
			hasScannedForEncodings = 0;
			knownRegions = (
				Base,
				en,
			);
			mainGroup = F5E38A946C1BF66EC4AE9F9D;
			minimizedProjectReferenceProxies = 1;
			preferredProjectObjectVersion = 77;
			productRefGroup = 7ED7D4A73297A981E1C10746 /* Products */;
			projectDirPath = "";
			projectRoot = "";
			targets = (
				32E0C782E89DEB4606415314 /* Moonlight */,
			);
		};
/* End PBXProject section */

/* Begin PBXResourcesBuildPhase section */
		F579A6091F1CD0FA6AC9A1AD /* Resources */ = {
			isa = PBXResourcesBuildPhase;
			buildActionMask = 2147483647;
			files = (
				5484D7D7EEC39CE252E48CD7 /* Assets.xcassets in Resources */,
				1E0805DF8DEF824EB8518ED1 /* PixelifySans[wght].ttf in Resources */,
				C919808FAEF89D87299B1CCF /* PressStart2P-Regular.ttf in Resources */,
				831A9AD200157256E5EBF4F1 /* Silkscreen-Bold.ttf in Resources */,
				BC5EACC33421E9B33442F477 /* Silkscreen-Regular.ttf in Resources */,
			);
			runOnlyForDeploymentPostprocessing = 0;
		};
/* End PBXResourcesBuildPhase section */

/* Begin PBXSourcesBuildPhase section */
		C9591E77DCBD8DF21510A041 /* Sources */ = {
			isa = PBXSourcesBuildPhase;
			buildActionMask = 2147483647;
			files = (
				E145A373EA800EB5AF2F9E7D /* AstroEvent.swift in Sources */,
				078D21E7A54C4FBAD0543746 /* AstrologyService.swift in Sources */,
				A48483E2DFAE6F9151117837 /* ClaudeService.swift in Sources */,
				4C7CC64FAB07BC2C6C4C3F7D /* ContentView.swift in Sources */,
				C4FC5B141D935DB72FF3CAB8 /* CreditBadge.swift in Sources */,
				5C08B6BA2009D67EC9F3A7D4 /* CreditManager.swift in Sources */,
				D5C448D8C1CF23859254CE61 /* Element.swift in Sources */,
				77D914B8E2E58B41D83DC348 /* HomeView.swift in Sources */,
				53AC9DD551A0998E154521EB /* HoraryChartService.swift in Sources */,
				43E4544F730203A4BECC0B56 /* HoraryView.swift in Sources */,
				23345FB932129A66A18C3AAF /* LocationManager.swift in Sources */,
				DCA6C472E742133815A7A9EA /* MoonPhase.swift in Sources */,
				89CD8FB9C5040B18C9E2E762 /* MoonSceneView.swift in Sources */,
				9CF4AB8CE4F7687A847B0F4D /* MoonService.swift in Sources */,
				FD4B2DD2267E5B28B903727B /* MoonlightApp.swift in Sources */,
				CE4926201673B62C2C319E84 /* NoCreditView.swift in Sources */,
				58F3A3DF9CEE8E17D71137F3 /* PixelUI.swift in Sources */,
				E450CCB4D31C21166C571BD4 /* Secrets.swift in Sources */,
				8025825C15665681A55657FC /* SettingsView.swift in Sources */,
				1D7CD370C1528A8FF8C0F305 /* TarotCard.swift in Sources */,
				EF824263791A4FF7961B8074 /* TarotView.swift in Sources */,
				FC6198F90F81D9D2C661A063 /* UserProfile.swift in Sources */,
				AB12CD34EF56789012345678 /* WelcomeView.swift in Sources */,
				DE45FA67BC23890123456780 /* ReadingHistory.swift in Sources */,
				FA67BC89DE45012345678902 /* ReadingHistoryView.swift in Sources */,
			);
			runOnlyForDeploymentPostprocessing = 0;
		};
/* End PBXSourcesBuildPhase section */

/* Begin XCBuildConfiguration section */
		14CEECD87CF3B6852561AF49 /* Debug */ = {
			isa = XCBuildConfiguration;
			buildSettings = {
				ASSETCATALOG_COMPILER_APPICON_NAME = AppIcon;
				CODE_SIGN_IDENTITY = "iPhone Developer";
				CURRENT_PROJECT_VERSION = 1;
				DEVELOPMENT_TEAM = 687K7458JY;
				GENERATE_INFOPLIST_FILE = YES;
				INFOPLIST_FILE = Moonlight/Info.plist;
				INFOPLIST_KEY_NSLocationWhenInUseUsageDescription = "Moonlight needs your location to show accurate moon phase and astrology data for where you are.";
				INFOPLIST_KEY_UILaunchScreen_Generation = YES;
				INFOPLIST_KEY_UISupportedInterfaceOrientations = UIInterfaceOrientationPortrait;
				LD_RUNPATH_SEARCH_PATHS = (
					"$(inherited)",
					"@executable_path/Frameworks",
				);
				MARKETING_VERSION = 1.0.0;
				PRODUCT_BUNDLE_IDENTIFIER = com.damla.moonlight;
				SDKROOT = iphoneos;
				SWIFT_VERSION = 5.9;
				TARGETED_DEVICE_FAMILY = "1,2";
			};
			name = Debug;
		};
		18BCAC905E92A56889797D7B /* Release */ = {
			isa = XCBuildConfiguration;
			buildSettings = {
				ASSETCATALOG_COMPILER_APPICON_NAME = AppIcon;
				CODE_SIGN_IDENTITY = "iPhone Developer";
				CURRENT_PROJECT_VERSION = 1;
				DEVELOPMENT_TEAM = 687K7458JY;
				GENERATE_INFOPLIST_FILE = YES;
				INFOPLIST_FILE = Moonlight/Info.plist;
				INFOPLIST_KEY_NSLocationWhenInUseUsageDescription = "Moonlight needs your location to show accurate moon phase and astrology data for where you are.";
				INFOPLIST_KEY_UILaunchScreen_Generation = YES;
				INFOPLIST_KEY_UISupportedInterfaceOrientations = UIInterfaceOrientationPortrait;
				LD_RUNPATH_SEARCH_PATHS = (
					"$(inherited)",
					"@executable_path/Frameworks",
				);
				MARKETING_VERSION = 1.0.0;
				PRODUCT_BUNDLE_IDENTIFIER = com.damla.moonlight;
				SDKROOT = iphoneos;
				SWIFT_VERSION = 5.9;
				TARGETED_DEVICE_FAMILY = "1,2";
			};
			name = Release;
		};
		6C25C59050785C6E4EA7020E /* Debug */ = {
			isa = XCBuildConfiguration;
			buildSettings = {
				ALWAYS_SEARCH_USER_PATHS = NO;
				CLANG_ANALYZER_NONNULL = YES;
				CLANG_ANALYZER_NUMBER_OBJECT_CONVERSION = YES_AGGRESSIVE;
				CLANG_CXX_LANGUAGE_STANDARD = "gnu++14";
				CLANG_CXX_LIBRARY = "libc++";
				CLANG_ENABLE_MODULES = YES;
				CLANG_ENABLE_OBJC_ARC = YES;
				CLANG_ENABLE_OBJC_WEAK = YES;
				CLANG_WARN_BLOCK_CAPTURE_AUTORELEASING = YES;
				CLANG_WARN_BOOL_CONVERSION = YES;
				CLANG_WARN_COMMA = YES;
				CLANG_WARN_CONSTANT_CONVERSION = YES;
				CLANG_WARN_DEPRECATED_OBJC_IMPLEMENTATIONS = YES;
				CLANG_WARN_DIRECT_OBJC_ISA_USAGE = YES_ERROR;
				CLANG_WARN_DOCUMENTATION_COMMENTS = YES;
				CLANG_WARN_EMPTY_BODY = YES;
				CLANG_WARN_ENUM_CONVERSION = YES;
				CLANG_WARN_INFINITE_RECURSION = YES;
				CLANG_WARN_INT_CONVERSION = YES;
				CLANG_WARN_NON_LITERAL_NULL_CONVERSION = YES;
				CLANG_WARN_OBJC_IMPLICIT_RETAIN_SELF = YES;
				CLANG_WARN_OBJC_LITERAL_CONVERSION = YES;
				CLANG_WARN_OBJC_ROOT_CLASS = YES_ERROR;
				CLANG_WARN_QUOTED_INCLUDE_IN_FRAMEWORK_HEADER = YES;
				CLANG_WARN_RANGE_LOOP_ANALYSIS = YES;
				CLANG_WARN_STRICT_PROTOTYPES = YES;
				CLANG_WARN_SUSPICIOUS_MOVE = YES;
				CLANG_WARN_UNGUARDED_AVAILABILITY = YES_AGGRESSIVE;
				CLANG_WARN_UNREACHABLE_CODE = YES;
				CLANG_WARN__DUPLICATE_METHOD_MATCH = YES;
				COPY_PHASE_STRIP = NO;
				DEBUG_INFORMATION_FORMAT = dwarf;
				ENABLE_STRICT_OBJC_MSGSEND = YES;
				ENABLE_TESTABILITY = YES;
				GCC_C_LANGUAGE_STANDARD = gnu11;
				GCC_DYNAMIC_NO_PIC = NO;
				GCC_NO_COMMON_BLOCKS = YES;
				GCC_OPTIMIZATION_LEVEL = 0;
				GCC_PREPROCESSOR_DEFINITIONS = (
					"$(inherited)",
					"DEBUG=1",
				);
				GCC_WARN_64_TO_32_BIT_CONVERSION = YES;
				GCC_WARN_ABOUT_RETURN_TYPE = YES_ERROR;
				GCC_WARN_UNDECLARED_SELECTOR = YES;
				GCC_WARN_UNINITIALIZED_AUTOS = YES_AGGRESSIVE;
				GCC_WARN_UNUSED_FUNCTION = YES;
				GCC_WARN_UNUSED_VARIABLE = YES;
				IPHONEOS_DEPLOYMENT_TARGET = 17.0;
				MTL_ENABLE_DEBUG_INFO = INCLUDE_SOURCE;
				MTL_FAST_MATH = YES;
				ONLY_ACTIVE_ARCH = YES;
				PRODUCT_NAME = "$(TARGET_NAME)";
				SDKROOT = iphoneos;
				SWIFT_ACTIVE_COMPILATION_CONDITIONS = DEBUG;
				SWIFT_OPTIMIZATION_LEVEL = "-Onone";
				SWIFT_VERSION = 5.0;
			};
			name = Debug;
		};
		A33F5CB6A6BDD6AB4CA7CFB8 /* Release */ = {
			isa = XCBuildConfiguration;
			buildSettings = {
				ALWAYS_SEARCH_USER_PATHS = NO;
				CLANG_ANALYZER_NONNULL = YES;
				CLANG_ANALYZER_NUMBER_OBJECT_CONVERSION = YES_AGGRESSIVE;
				CLANG_CXX_LANGUAGE_STANDARD = "gnu++14";
				CLANG_CXX_LIBRARY = "libc++";
				CLANG_ENABLE_MODULES = YES;
				CLANG_ENABLE_OBJC_ARC = YES;
				CLANG_ENABLE_OBJC_WEAK = YES;
				CLANG_WARN_BLOCK_CAPTURE_AUTORELEASING = YES;
				CLANG_WARN_BOOL_CONVERSION = YES;
				CLANG_WARN_COMMA = YES;
				CLANG_WARN_CONSTANT_CONVERSION = YES;
				CLANG_WARN_DEPRECATED_OBJC_IMPLEMENTATIONS = YES;
				CLANG_WARN_DIRECT_OBJC_ISA_USAGE = YES_ERROR;
				CLANG_WARN_DOCUMENTATION_COMMENTS = YES;
				CLANG_WARN_EMPTY_BODY = YES;
				CLANG_WARN_ENUM_CONVERSION = YES;
				CLANG_WARN_INFINITE_RECURSION = YES;
				CLANG_WARN_INT_CONVERSION = YES;
				CLANG_WARN_NON_LITERAL_NULL_CONVERSION = YES;
				CLANG_WARN_OBJC_IMPLICIT_RETAIN_SELF = YES;
				CLANG_WARN_OBJC_LITERAL_CONVERSION = YES;
				CLANG_WARN_OBJC_ROOT_CLASS = YES_ERROR;
				CLANG_WARN_QUOTED_INCLUDE_IN_FRAMEWORK_HEADER = YES;
				CLANG_WARN_RANGE_LOOP_ANALYSIS = YES;
				CLANG_WARN_STRICT_PROTOTYPES = YES;
				CLANG_WARN_SUSPICIOUS_MOVE = YES;
				CLANG_WARN_UNGUARDED_AVAILABILITY = YES_AGGRESSIVE;
				CLANG_WARN_UNREACHABLE_CODE = YES;
				CLANG_WARN__DUPLICATE_METHOD_MATCH = YES;
				COPY_PHASE_STRIP = NO;
				DEBUG_INFORMATION_FORMAT = "dwarf-with-dsym";
				ENABLE_NS_ASSERTIONS = NO;
				ENABLE_STRICT_OBJC_MSGSEND = YES;
				GCC_C_LANGUAGE_STANDARD = gnu11;
				GCC_NO_COMMON_BLOCKS = YES;
				GCC_WARN_64_TO_32_BIT_CONVERSION = YES;
				GCC_WARN_ABOUT_RETURN_TYPE = YES_ERROR;
				GCC_WARN_UNDECLARED_SELECTOR = YES;
				GCC_WARN_UNINITIALIZED_AUTOS = YES_AGGRESSIVE;
				GCC_WARN_UNUSED_FUNCTION = YES;
				GCC_WARN_UNUSED_VARIABLE = YES;
				IPHONEOS_DEPLOYMENT_TARGET = 17.0;
				MTL_ENABLE_DEBUG_INFO = NO;
				MTL_FAST_MATH = YES;
				PRODUCT_NAME = "$(TARGET_NAME)";
				SDKROOT = iphoneos;
				SWIFT_COMPILATION_MODE = wholemodule;
				SWIFT_OPTIMIZATION_LEVEL = "-O";
				SWIFT_VERSION = 5.0;
			};
			name = Release;
		};
/* End XCBuildConfiguration section */

/* Begin XCConfigurationList section */
		32414954D1DFD94977C19662 /* Build configuration list for PBXProject "Moonlight" */ = {
			isa = XCConfigurationList;
			buildConfigurations = (
				6C25C59050785C6E4EA7020E /* Debug */,
				A33F5CB6A6BDD6AB4CA7CFB8 /* Release */,
			);
			defaultConfigurationIsVisible = 0;
			defaultConfigurationName = Debug;
		};
		CE57F7FAED9333979E1BC1C7 /* Build configuration list for PBXNativeTarget "Moonlight" */ = {
			isa = XCConfigurationList;
			buildConfigurations = (
				14CEECD87CF3B6852561AF49 /* Debug */,
				18BCAC905E92A56889797D7B /* Release */,
			);
			defaultConfigurationIsVisible = 0;
			defaultConfigurationName = Debug;
		};
/* End XCConfigurationList section */
	};
	rootObject = 6C354F13E10A5D493C1E7372 /* Project object */;
}
